
Microsoft Visual Studio Solution File, Format Version 12.00
# Visual Studio Version 17
VisualStudioVersion = 17.13.35913.81 d17.13
MinimumVisualStudioVersion = 10.0.40219.1
Project("{FAE04EC0-301F-11D3-BF4B-00C04F79EFBC}") = "SkytmBackend", "SkytmBackend.csproj", "{E209209D-CEF3-48F8-B113-BAB51A2BAE3E}"
EndProject
Global
	GlobalSection(SolutionConfigurationPlatforms) = preSolution
		Debug|Any CPU = Debug|Any CPU
		Release|Any CPU = Release|Any CPU
	EndGlobalSection
	GlobalSection(ProjectConfigurationPlatforms) = postSolution
		{E209209D-CEF3-48F8-B113-BAB51A2BAE3E}.Debug|Any CPU.ActiveCfg = Debug|Any CPU
		{E209209D-CEF3-48F8-B113-BAB51A2BAE3E}.Debug|Any CPU.Build.0 = Debug|Any CPU
		{E209209D-CEF3-48F8-B113-BAB51A2BAE3E}.Release|Any CPU.ActiveCfg = Release|Any CPU
		{E209209D-CEF3-48F8-B113-BAB51A2BAE3E}.Release|Any CPU.Build.0 = Release|Any CPU
	EndGlobalSection
	GlobalSection(SolutionProperties) = preSolution
		HideSolutionNode = FALSE
	EndGlobalSection
	GlobalSection(ExtensibilityGlobals) = postSolution
		SolutionGuid = {1A0BC6E3-2B10-43C6-BD98-5F3C46C42877}
	EndGlobalSection
EndGlobal
